
Microsoft Visual Studio Solution File, Format Version 12.00
# Visual Studio Version 17
VisualStudioVersion = 17.13.35913.81 d17.13
MinimumVisualStudioVersion = 10.0.40219.1
Project("{FAE04EC0-301F-11D3-BF4B-00C04F79EFBC}") = "TaskManagement", "TaskManagement\TaskManagement.csproj", "{227B459C-1268-45FE-A72F-823434C5BB02}"
EndProject
Global
	GlobalSection(SolutionConfigurationPlatforms) = preSolution
		Debug|Any CPU = Debug|Any CPU
		Release|Any CPU = Release|Any CPU
	EndGlobalSection
	GlobalSection(ProjectConfigurationPlatforms) = postSolution
		{227B459C-1268-45FE-A72F-823434C5BB02}.Debug|Any CPU.ActiveCfg = Debug|Any CPU
		{227B459C-1268-45FE-A72F-823434C5BB02}.Debug|Any CPU.Build.0 = Debug|Any CPU
		{227B459C-1268-45FE-A72F-823434C5BB02}.Release|Any CPU.ActiveCfg = Release|Any CPU
		{227B459C-1268-45FE-A72F-823434C5BB02}.Release|Any CPU.Build.0 = Release|Any CPU
	EndGlobalSection
	GlobalSection(SolutionProperties) = preSolution
		HideSolutionNode = FALSE
	EndGlobalSection
	GlobalSection(ExtensibilityGlobals) = postSolution
		SolutionGuid = {71BF617A-2EBF-4690-A1BE-23DB589B6DB9}
	EndGlobalSection
EndGlobal
